4d63.com/gochecknoinits v0.0.0-20200108094044-eb73b47b9fc4 h1:bf5qocEKjrY58JO2GwywfLsb1199lIVs7qHkiplwHy0=
4d63.com/gochecknoinits v0.0.0-20200108094044-eb73b47b9fc4/go.mod h1:4o1i5aXtIF5tJFt3UD1knCVmWOXg7fLYdHVu6jeNcnM=
github.com/BurntSushi/toml v0.3.1 h1:WXkYYl6Yr3qBf1K79EBnL4mak0OimBfB0XUf9Vl28OQ=
github.com/BurntSushi/toml v0.3.1/go.mod h1:xHWCNGjB5oqiDr8zfno3MHue2Ht5sIBksp03qcyfWMU=
github.com/Julusian/godocdown v0.0.0-20170816220326-6d19f8ff2df8/go.mod h1:INZr5t32rG59/5xeltqoCJoNY7e5x/3xoY9WSWVWg74=
github.com/alexkohler/dogsled v0.0.0-20181108112831-dad318941ed2 h1:KEh8tE6NcITvZlnsAlxpS+FDxiA7KVoBTm+069x7k7c=
github.com/alexkohler/dogsled v0.0.0-20181108112831-dad318941ed2/go.mod h1:JKZcwNsCuXMHGReMjwEWL8XLJjcgLm7dtLcBZMEZlDo=
github.com/alexkohler/nakedret v1.0.0 h1:S/bzOFhZHYUJp6qPmdXdFHS5nlWGFmLmoc8QOydvotE=
github.com/alexkohler/nakedret v1.0.0/go.mod h1:tfDQbtPt67HhBK/6P0yNktIX7peCxfOp0jO9007DrLE=
github.com/alexkohler/prealloc v0.0.0-20200410114645-50faa068e017 h1:Al1bNbnT+a/sCHpk9W70gIseJgRpSF2Y20ur5iZawVs=
github.com/alexkohler/prealloc v0.0.0-20200410114645-50faa068e017/go.mod h1:CmbNRwpsIT6OOr1myakD2xc96sG7MWgs2VePr8EjW58=
github.com/alexkohler/unimport v0.0.0-20171106223308-e6f2b2e2d406 h1:5qYQDJAjMgBsrql8MGR7d+XNx/r4zH0PWaTq04k9TIA=
github.com/alexkohler/unimport v0.0.0-20171106223308-e6f2b2e2d406/go.mod h1:9v7wjGisFAq6j5hd8fuwm9ZHfiYtlkJSM+3EdDTrVfs=
github.com/davecgh/go-spew v1.1.0/go.mod h1:J7Y8YcW2NihsgmVo/mv3lAwl/skON4iLHjSsI+c5H38=
github.com/davecgh/go-spew v1.1.1/go.mod h1:J7Y8YcW2NihsgmVo/mv3lAwl/skON4iLHjSsI+c5H38=
github.com/dvyukov/go-fuzz v0.0.0-20200805095026-2dc2d88eb660 h1:oD1Mw0vCKJmM45Y4r8rjMVgcNCIvH+m5X0PrV66mlOg=
github.com/dvyukov/go-fuzz v0.0.0-20200805095026-2dc2d88eb660/go.mod h1:11Gm+ccJnvAhCNLlf5+cS9KjtbaD5I5zaZpFMsTHWTw=
github.com/dvyukov/go-fuzz v0.0.0-20200819065627-a253a53b0c63 h1:AAetFtqglLF6WlNQ6M1y8D31jlsQpmVvojiFobZCCxU=
github.com/dvyukov/go-fuzz v0.0.0-20200819065627-a253a53b0c63/go.mod h1:11Gm+ccJnvAhCNLlf5+cS9KjtbaD5I5zaZpFMsTHWTw=
github.com/elazarl/go-bindata-assetfs v1.0.1 h1:m0kkaHRKEu7tUIUFVwhGGGYClXvyl4RE03qmvRTNfbw=
github.com/elazarl/go-bindata-assetfs v1.0.1/go.mod h1:v+YaWX3bdea5J/mo8dSETolEo7R71Vk1u8bnjau5yw4=
github.com/ericcornelissen/stringsx v0.0.0-20200727095713-42951b0a5921 h1:EXY/9km1QXoFlpLjQAu5no1CAse/+DoO2SWBHLpEtAg=
github.com/ericcornelissen/stringsx v0.0.0-20200727095713-42951b0a5921/go.mod h1:DDDw69nk7GMGSwy4QmTQYYHbqdUa/K/CSNJ62knuaFE=
github.com/go-critic/go-critic v0.5.2 h1:3RJdgf6u4NZUumoP8nzbqiiNT8e1tC2Oc7jlgqre/IA=
github.com/go-critic/go-critic v0.5.2/go.mod h1:cc0+HvdE3lFpqLecgqMaJcvWWH77sLdBp+wLGPM1Yyo=
github.com/go-toolsmith/astcast v1.0.0 h1:JojxlmI6STnFVG9yOImLeGREv8W2ocNUM+iOhR6jE7g=
github.com/go-toolsmith/astcast v1.0.0/go.mod h1:mt2OdQTeAQcY4DQgPSArJjHCcOwlX+Wl/kwN+LbLGQ4=
github.com/go-toolsmith/astcopy v1.0.0 h1:OMgl1b1MEpjFQ1m5ztEO06rz5CUd3oBv9RF7+DyvdG8=
github.com/go-toolsmith/astcopy v1.0.0/go.mod h1:vrgyG+5Bxrnz4MZWPF+pI4R8h3qKRjjyvV/DSez4WVQ=
github.com/go-toolsmith/astequal v1.0.0 h1:4zxD8j3JRFNyLN46lodQuqz3xdKSrur7U/sr0SDS/gQ=
github.com/go-toolsmith/astequal v1.0.0/go.mod h1:H+xSiq0+LtiDC11+h1G32h7Of5O3CYFJ99GVbS5lDKY=
github.com/go-toolsmith/astfmt v1.0.0 h1:A0vDDXt+vsvLEdbMFJAUBI/uTbRw1ffOPnxsILnFL6k=
github.com/go-toolsmith/astfmt v1.0.0/go.mod h1:cnWmsOAuq4jJY6Ct5YWlVLmcmLMn1JUPuQIHCY7CJDw=
github.com/go-toolsmith/astinfo v0.0.0-20180906194353-9809ff7efb21/go.mod h1:dDStQCHtmZpYOmjRP/8gHHnCCch3Zz3oEgCdZVdtweU=
github.com/go-toolsmith/astp v1.0.0 h1:alXE75TXgcmupDsMK1fRAy0YUzLzqPVvBKoyWV+KPXg=
github.com/go-toolsmith/astp v1.0.0/go.mod h1:RSyrtpVlfTFGDYRbrjyWP1pYu//tSFcvdYrA8meBmLI=
github.com/go-toolsmith/pkgload v1.0.0 h1:4DFWWMXVfbcN5So1sBNW9+yeiMqLFGl1wFLTL5R0Tgg=
github.com/go-toolsmith/pkgload v1.0.0/go.mod h1:5eFArkbO80v7Z0kdngIxsRXRMTaX4Ilcwuh3clNrQJc=
github.com/go-toolsmith/pkgload v1.0.1 h1:olBaNnuEUQAqyv4M6gN16Yw3YEMs+nlo4ZwLVfZvpNA=
github.com/go-toolsmith/pkgload v1.0.1/go.mod h1:5eFArkbO80v7Z0kdngIxsRXRMTaX4Ilcwuh3clNrQJc=
github.com/go-toolsmith/strparse v1.0.0 h1:Vcw78DnpCAKlM20kSbAyO4mPfJn/lyYA4BJUDxe2Jb4=
github.com/go-toolsmith/strparse v1.0.0/go.mod h1:YI2nUKP9YGZnL/L1/DLFBfixrcjslWct4wyljWhSRy8=
github.com/go-toolsmith/typep v1.0.0/go.mod h1:JSQCQMUPdRlMZFswiq3TGpNp1GMktqkR2Ns5AIQkATU=
github.com/go-toolsmith/typep v1.0.2 h1:8xdsa1+FSIH/RhEkgnD1j2CJOy5mNllW1Q9tRiYwvlk=
github.com/go-toolsmith/typep v1.0.2/go.mod h1:JSQCQMUPdRlMZFswiq3TGpNp1GMktqkR2Ns5AIQkATU=
github.com/golang/protobuf v1.2.0/go.mod h1:6lQm79b+lXiMfvg/cZm0SGofjICqVBUtrP5yJMmIC1U=
github.com/google/go-cmp v0.2.0/go.mod h1:oXzfMopK8JAjlY9xF4vHSVASa0yLyX7SntLO5aqRK0M=
github.com/google/renameio v0.1.0/go.mod h1:KWCgfxg9yswjAJkECMjeO8J8rahYeXnNhOm40UhjYkI=
github.com/google/uuid v1.0.0/go.mod h1:TIyPZe4MgqvfeYDBFedMoGGpEw/LqOeaOT+nhxU+yHo=
github.com/gordonklaus/ineffassign v0.0.0-20200809085317-e36bfde3bb78 h1:U/zHjaVG/sECz5xhnh7kPH+Fv/maPbhZPcaTquo5sPg=
github.com/gordonklaus/ineffassign v0.0.0-20200809085317-e36bfde3bb78/go.mod h1:cuNKsD1zp2v6XfE/orVX2QE1LC+i254ceGcVeDT3pTU=
github.com/jgautheron/goconst v0.0.0-20200227150835-cda7ea3bf591 h1:x/BpEhm6aL26o4TLtcU0loJ7B3+69jielrGc70V7Yb4=
github.com/jgautheron/goconst v0.0.0-20200227150835-cda7ea3bf591/go.mod h1:aAosetZ5zaeC/2EfMeRswtxUFBpe2Hr7HzkgX4fanO4=
github.com/kisielk/errcheck v1.4.0 h1:ueN6QYA+c7eDQo7ebpNdYR8mUJZThiGz9PEoJEMGPzA=
github.com/kisielk/errcheck v1.4.0/go.mod h1:pFxgyoBC7bSaBwPgfKdkLd5X25qrDl4LWUI2bnpBCr8=
github.com/kisielk/gotool v1.0.0/go.mod h1:XhKaO+MFFWcvkIS/tQcRk01m1F5IRFswLeQ+oQHNcck=
github.com/kr/pretty v0.1.0/go.mod h1:dAy3ld7l9f0ibDNOQOHHMYYIIbhfbHSm3C4ZsoJORNo=
github.com/kr/pty v1.1.1/go.mod h1:pFQYn66WHrOpPYNljwOMqo10TkYh1fy3cYio2l3bCsQ=
github.com/kr/text v0.1.0/go.mod h1:4Jbv+DJW3UT/LiOwJeYQe1efqtUx/iVham/4vfdArNI=
github.com/kyoh86/looppointer v0.1.6 h1:NUISBF8QIGf2zZ7vs4nLhdk0RCpTCovcrbiPc29sMMQ=
github.com/kyoh86/looppointer v0.1.6/go.mod h1:l0cRF49N6xDPx8IuBGC/imZo8Yn1BBLJY0vzI+4fepc=
github.com/kyoh86/nolint v0.0.0-20200711045849-7a7b0d649b7a h1:WKwgzTn8xp2JuhOUsTbi+h+QygLZSfVGwaYZUejGMMw=
github.com/kyoh86/nolint v0.0.0-20200711045849-7a7b0d649b7a/go.mod h1:hPeUNhNOZ22wXzQKMzeYKXVFTBjJ9czxjeIDyI1ueVM=
github.com/logrusorgru/aurora v0.0.0-20181002194514-a7b3b318ed4e h1:9MlwzLdW7QSDrhDjFlsEYmxpFyIoXmYRon3dt0io31k=
github.com/logrusorgru/aurora v0.0.0-20181002194514-a7b3b318ed4e/go.mod h1:7rIyQOR62GCctdiQpZ/zOJlFyk6y+94wXzv6RNZgaR4=
github.com/logrusorgru/aurora v2.0.3+incompatible h1:tOpm7WcpBTn4fjmVfgpQq0EfczGlG91VSDkswnjF5A8=
github.com/logrusorgru/aurora v2.0.3+incompatible/go.mod h1:7rIyQOR62GCctdiQpZ/zOJlFyk6y+94wXzv6RNZgaR4=
github.com/mattn/goveralls v0.0.2/go.mod h1:8d1ZMHsd7fW6IRPKQh46F2WRpyib5/X4FOpevwGNQEw=
github.com/mdempsky/unconvert v0.0.0-20200228143138-95ecdbfc0b5f h1:Kc3s6QFyh9DLgInXpWKuG+8I7R7lXbnP7mcoOVIt6KY=
github.com/mdempsky/unconvert v0.0.0-20200228143138-95ecdbfc0b5f/go.mod h1:AmCV4WB3cDMZqgPk+OUQKumliiQS4ZYsBt3AXekyuAU=
github.com/nishanths/exhaustive v0.0.0-20200811152831-6cf413ae40e0 h1:eMV1t2NQRc3r1k3guWiv/zEeqZZP6kPvpUfy6byfL1g=
github.com/nishanths/exhaustive v0.0.0-20200811152831-6cf413ae40e0/go.mod h1:wBEpHwM2OdmeNpdCvRPUlkEbBuaFmcK4Wv8Q7FuGW3c=
github.com/pborman/uuid v1.2.0/go.mod h1:X/NO0urCmaxf9VXbdlT7C2Yzkj2IKimNn4k+gtPdI/k=
github.com/pmezard/go-difflib v1.0.0/go.mod h1:iKH77koFhYxTK1pcRnkKkqfTogsbg7gZNVY4sRDYZ/4=
github.com/quasilyte/go-consistent v0.0.0-20190521200055-c6f3937de18c/go.mod h1:5STLWrekHfjyYwxBRVRXNOSewLJ3PWfDJd1VyTS21fI=
github.com/quasilyte/go-ruleguard v0.2.0 h1:UOVMyH2EKkxIfzrULvA9n/tO+HtEhqD9mrLSWMr5FwU=
github.com/quasilyte/go-ruleguard v0.2.0/go.mod h1:2RT/tf0Ce0UDj5y243iWKosQogJd8+1G3Rs2fxmlYnw=
github.com/quasilyte/regex/syntax v0.0.0-20200407221936-30656e2c4a95 h1:L8QM9bvf68pVdQ3bCFZMDmnt9yqcMBro1pC7F+IPYMY=
github.com/quasilyte/regex/syntax v0.0.0-20200407221936-30656e2c4a95/go.mod h1:rlzQ04UMyJXu/aOvhd8qT+hvDrFpiwqp8MRXDY9szc0=
github.com/quasilyte/regex/syntax v0.0.0-20200805063351-8f842688393c h1:+gtJ/Pwj2dgUGlZgTrNFqajGYKZQc7Piqus/S6DK9CE=
github.com/quasilyte/regex/syntax v0.0.0-20200805063351-8f842688393c/go.mod h1:rlzQ04UMyJXu/aOvhd8qT+hvDrFpiwqp8MRXDY9szc0=
github.com/remyoudompheng/go-misc v0.0.0-20190427085024-2d6ac652a50e h1:eTWZyPUnHcuGRDiryS/l2I7FfKjbU3IBx3IjqHPxuKU=
github.com/remyoudompheng/go-misc v0.0.0-20190427085024-2d6ac652a50e/go.mod h1:80FQABjoFzZ2M5uEa6FUaJYEmqU2UOKojlFVak1UAwI=
github.com/robertkrimen/godocdown v0.0.0-20130622164427-0bfa04905481/go.mod h1:C9WhFzY47SzYBIvzFqSvHIR6ROgDo4TtdTuRaOMjF/s=
github.com/rogpeppe/go-internal v1.3.0/go.mod h1:M8bDsm7K2OlrFYOpmOWEs/qY81heoFRclV5y23lUDJ4=
github.com/rogpeppe/go-internal v1.5.2/go.mod h1:xXDCJY+GAPziupqXw64V24skbSoqbTEfhy4qGm1nDQc=
github.com/stephens2424/writerset v1.0.2 h1:znRLgU6g8RS5euYRcy004XeE4W+Tu44kALzy7ghPif8=
github.com/stephens2424/writerset v1.0.2/go.mod h1:aS2JhsMn6eA7e82oNmW4rfsgAOp9COBTTl8mzkwADnc=
github.com/stretchr/objx v0.1.0/go.mod h1:HFkY916IF+rwdDfMAkV7OtwuqBVzrE8GR6GFx+wExME=
github.com/stretchr/objx v0.1.1/go.mod h1:HFkY916IF+rwdDfMAkV7OtwuqBVzrE8GR6GFx+wExME=
github.com/stretchr/testify v1.3.0/go.mod h1:M5WIy9Dh21IEIfnGCwXGc5bZfKNJtfHm1UVUgZn+9EI=
github.com/tommy-muehle/go-mnd v1.3.0 h1:nREwIYnNcMfuL7itUKpABHWUkhH7zAEJrQmQKVMeb+U=
github.com/tommy-muehle/go-mnd v1.3.0/go.mod h1:dSUh0FtTP8VhvkL1S+gUR1OKd9ZnSaozuI6r3m6wOig=
github.com/yargevad/filepathx v0.0.0-20161019152617-907099cb5a62 h1:pZlTNPEY1N9n4Frw+wiRy9goxBru/H5KaBxJ4bFt89w=
github.com/yargevad/filepathx v0.0.0-20161019152617-907099cb5a62/go.mod h1:VtdjfTSVslSOB39qCxkH9K3m2qUauaJk/6y+pNkvCQY=
github.com/yuin/goldmark v1.1.27/go.mod h1:3hX8gzYuyVAZsxl0MRgGTJEmQBFcNTphYh9decYSb74=
github.com/yuin/goldmark v1.1.32/go.mod h1:3hX8gzYuyVAZsxl0MRgGTJEmQBFcNTphYh9decYSb74=
gitlab.com/opennota/check v0.0.0-20181224073239-ccaba434e62a h1:8XtcSu4EqUUMIwia3Cayeeoyof/MHF0itTNn1MHFQWM=
gitlab.com/opennota/check v0.0.0-20181224073239-ccaba434e62a/go.mod h1:SUHELpmuwzjTS4S9tfzxPHoRNvewBw8o4jJGg7uKtDE=
golang.org/x/crypto v0.0.0-20190308221718-c2843e01d9a2/go.mod h1:djNgcEr1/C05ACkg1iLfiJU5Ep61QUkGW8qpdssI0+w=
golang.org/x/crypto v0.0.0-20190510104115-cbcb75029529/go.mod h1:yigFU9vqHzYiE8UmvKecakEJjdnWj3jj499lnFckfCI=
golang.org/x/crypto v0.0.0-20191011191535-87dc89f01550/go.mod h1:yigFU9vqHzYiE8UmvKecakEJjdnWj3jj499lnFckfCI=
golang.org/x/crypto v0.0.0-20200622213623-75b288015ac9/go.mod h1:LzIPMQfyMNhhGPhUkYOs5KpL4U8rLKemX1yGLhDgUto=
golang.org/x/lint v0.0.0-20200302205851-738671d3881b h1:Wh+f8QHJXR411sJR8/vRBTZ7YapZaRvUcLFFJhusH0k=
golang.org/x/lint v0.0.0-20200302205851-738671d3881b/go.mod h1:3xt1FjdF8hUf6vQPIChWIBhFzV8gjjsPE/fR3IyQdNY=
golang.org/x/mod v0.0.0-20190513183733-4bf6d317e70e/go.mod h1:mXi4GBBbnImb6dmsKGUJ2LatrhH/nqhxcFungHvyanc=
golang.org/x/mod v0.1.1-0.20191105210325-c90efee705ee/go.mod h1:QqPTAvyqsEbceGzBzNggFXnrqF1CaUcvgkdR5Ot7KZg=
golang.org/x/mod v0.2.0/go.mod h1:s0Qsj1ACt9ePp/hMypM3fl4fZqREWJwdYDEqhRiZZUA=
golang.org/x/mod v0.3.0 h1:RM4zey1++hCTbCVQfnWeKs9/IEsaBLA8vTkd0WVtmH4=
golang.org/x/mod v0.3.0/go.mod h1:s0Qsj1ACt9ePp/hMypM3fl4fZqREWJwdYDEqhRiZZUA=
golang.org/x/net v0.0.0-20180724234803-3673e40ba225/go.mod h1:mL1N/T3taQHkDXs73rZJwtUhF3w3ftmwwsq0BUmARs4=
golang.org/x/net v0.0.0-20190213061140-3a22650c66bd/go.mod h1:mL1N/T3taQHkDXs73rZJwtUhF3w3ftmwwsq0BUmARs4=
golang.org/x/net v0.0.0-20190404232315-eb5bcb51f2a3/go.mod h1:t9HGtf8HONx5eT2rtn7q6eTqICYqUVnKs3thJo3Qplg=
golang.org/x/net v0.0.0-20190620200207-3b0461eec859/go.mod h1:z5CRVTTTmAJ677TzLLGU+0bjPO0LkuOLi4/5GtJWs/s=
golang.org/x/net v0.0.0-20200226121028-0de0cce0169b/go.mod h1:z5CRVTTTmAJ677TzLLGU+0bjPO0LkuOLi4/5GtJWs/s=
golang.org/x/net v0.0.0-20200625001655-4c5254603344/go.mod h1:/O7V0waA8r7cgGh81Ro3o1hOxt32SMVPicZroKQ2sZA=
golang.org/x/sync v0.0.0-20181108010431-42b317875d0f/go.mod h1:RxMgew5VJxzue5/jJTE5uejpjVlOe/izrB70Jof72aM=
golang.org/x/sync v0.0.0-20181221193216-37e7f081c4d4/go.mod h1:RxMgew5VJxzue5/jJTE5uejpjVlOe/izrB70Jof72aM=
golang.org/x/sync v0.0.0-20190423024810-112230192c58/go.mod h1:RxMgew5VJxzue5/jJTE5uejpjVlOe/izrB70Jof72aM=
golang.org/x/sync v0.0.0-20190911185100-cd5d95a43a6e/go.mod h1:RxMgew5VJxzue5/jJTE5uejpjVlOe/izrB70Jof72aM=
golang.org/x/sync v0.0.0-20200625203802-6e8e738ad208/go.mod h1:RxMgew5VJxzue5/jJTE5uejpjVlOe/izrB70Jof72aM=
golang.org/x/sys v0.0.0-20190215142949-d0b11bdaac8a/go.mod h1:STP8DvDyc/dI5b8T5hshtkjS+E42TnysNCUPdjciGhY=
golang.org/x/sys v0.0.0-20190412213103-97732733099d/go.mod h1:h1NjWce9XRLGQEsW7wpKNCjG9DtNlClVuFLEZdDNbEs=
golang.org/x/sys v0.0.0-20200323222414-85ca7c5b95cd/go.mod h1:h1NjWce9XRLGQEsW7wpKNCjG9DtNlClVuFLEZdDNbEs=
golang.org/x/text v0.3.0/go.mod h1:NqM8EUOU14njkJ3fqMW+pc6Ldnwhi/IjpwHt7yyuwOQ=
golang.org/x/text v0.3.2 h1:tW2bmiBqwgJj/UpqtC8EpXEZVYOwU0yG4iWbprSVAcs=
golang.org/x/text v0.3.2/go.mod h1:bEr9sfX3Q8Zfm5fL9x+3itogRgK3+ptLWKqgva+5dAk=
golang.org/x/text v0.3.3 h1:cokOdA+Jmi5PJGXLlLllQSgYigAEfHXJAERHVMaCc2k=
golang.org/x/text v0.3.3/go.mod h1:5Zoc/QRtKVWzQhOtBMvqHzDpF6irO9z98xDceosuGiQ=
golang.org/x/tools v0.0.0-20180911133044-677d2ff680c1/go.mod h1:n7NCudcB/nEzxVGmLbDWY5pfWTLqBcC2KZ6jyYvM4mQ=
golang.org/x/tools v0.0.0-20180917221912-90fa682c2a6e/go.mod h1:n7NCudcB/nEzxVGmLbDWY5pfWTLqBcC2KZ6jyYvM4mQ=
golang.org/x/tools v0.0.0-20190110163146-51295c7ec13a/go.mod h1:n7NCudcB/nEzxVGmLbDWY5pfWTLqBcC2KZ6jyYvM4mQ=
golang.org/x/tools v0.0.0-20190221204921-83362c3779f5/go.mod h1:9Yl7xja0Znq3iFh3HoIrodX9oNMXvdceNzlUR8zjMvY=
golang.org/x/tools v0.0.0-20190228203856-589c23e65e65/go.mod h1:9Yl7xja0Znq3iFh3HoIrodX9oNMXvdceNzlUR8zjMvY=
golang.org/x/tools v0.0.0-20191119224855-298f0cb1881e/go.mod h1:b+2E5dAYhXwXZwtnZ6UAqBI28+e2cm9otk0dWdXHAEo=
golang.org/x/tools v0.0.0-20191130070609-6e064ea0cf2d/go.mod h1:b+2E5dAYhXwXZwtnZ6UAqBI28+e2cm9otk0dWdXHAEo=
golang.org/x/tools v0.0.0-20200130002326-2f3ba24bd6e7/go.mod h1:TB2adYChydJhpapKDTa4BR/hXlZSLoq2Wpct/0txZ28=
golang.org/x/tools v0.0.0-20200225230052-807dcd883420/go.mod h1:TB2adYChydJhpapKDTa4BR/hXlZSLoq2Wpct/0txZ28=
golang.org/x/tools v0.0.0-20200426102838-f3a5411a4c3b/go.mod h1:EkVYQZoAsY45+roYkvgYkIh4xh/qjgUK9TdY2XT94GE=
golang.org/x/tools v0.0.0-20200519015757-0d0afa43d58a/go.mod h1:EkVYQZoAsY45+roYkvgYkIh4xh/qjgUK9TdY2XT94GE=
golang.org/x/tools v0.0.0-20200619180055-7c47624df98f/go.mod h1:EkVYQZoAsY45+roYkvgYkIh4xh/qjgUK9TdY2XT94GE=
golang.org/x/tools v0.0.0-20200710042808-f1c4188a97a1/go.mod h1:njjCfa9FT2d7l9Bc6FUM5FLjQPp3cFF28FI3qnDFljA=
golang.org/x/tools v0.0.0-20200812195022-5ae4c3c160a0/go.mod h1:njjCfa9FT2d7l9Bc6FUM5FLjQPp3cFF28FI3qnDFljA=
golang.org/x/tools v0.0.0-20200821200730-1e23e48ab93b h1:ob2Rprc4uPVPGKaYKm9lrGewYQJRu7KtuzGTICCM1X4=
golang.org/x/tools v0.0.0-20200821200730-1e23e48ab93b/go.mod h1:njjCfa9FT2d7l9Bc6FUM5FLjQPp3cFF28FI3qnDFljA=
golang.org/x/xerrors v0.0.0-20190717185122-a985d3407aa7/go.mod h1:I/5z698sn9Ka8TeJc9MKroUUfqBBauWjQqLJ2OPfmY0=
golang.org/x/xerrors v0.0.0-20191011141410-1b5146add898/go.mod h1:I/5z698sn9Ka8TeJc9MKroUUfqBBauWjQqLJ2OPfmY0=
golang.org/x/xerrors v0.0.0-20191204190536-9bdfabe68543 h1:E7g+9GITq07hpfrRu66IVDexMakfv52eLZ2CXBWiKr4=
golang.org/x/xerrors v0.0.0-20191204190536-9bdfabe68543/go.mod h1:I/5z698sn9Ka8TeJc9MKroUUfqBBauWjQqLJ2OPfmY0=
golang.org/x/xerrors v0.0.0-20200804184101-5ec99f83aff1 h1:go1bK/D/BFZV2I8cIQd1NKEZ+0owSTG1fDTci4IqFcE=
golang.org/x/xerrors v0.0.0-20200804184101-5ec99f83aff1/go.mod h1:I/5z698sn9Ka8TeJc9MKroUUfqBBauWjQqLJ2OPfmY0=
google.golang.org/appengine v1.4.0/go.mod h1:xpcJRLb0r/rnEns0DIKYYv+WjYCduHsrkT7/EB5XEv4=
gopkg.in/check.v1 v1.0.0-20180628173108-788fd7840127/go.mod h1:Co6ibVJAznAaIkqp8huTwlJQCZ016jof/cbN4VW5Yz0=
gopkg.in/check.v1 v1.0.0-20190902080502-41f04d3bba15/go.mod h1:Co6ibVJAznAaIkqp8huTwlJQCZ016jof/cbN4VW5Yz0=
gopkg.in/errgo.v2 v2.1.0/go.mod h1:hNsd1EY+bozCKY1Ytp96fpM3vjJbqLJn88ws8XvfDNI=
honnef.co/go/tools v0.0.1-2020.1.5 h1:nI5egYTGJakVyOryqLs1cQO5dO0ksin5XXs2pspk75k=
honnef.co/go/tools v0.0.1-2020.1.5/go.mod h1:X/FiERA/W4tHapMX5mGpAtMSVEeEUOyHaw9vFzvIQ3k=
mvdan.cc/unparam v0.0.0-20200501210554-b37ab49443f7 h1:kAREL6MPwpsk1/PQPFD3Eg7WAQR5mPTWZJaBiG5LDbY=
mvdan.cc/unparam v0.0.0-20200501210554-b37ab49443f7/go.mod h1:HGC5lll35J70Y5v7vCGb9oLhHoScFwkHDJm/05RdSTc=
